
Microsoft Visual Studio Solution File, Format Version 12.00
# Visual Studio Version 17
VisualStudioVersion = 17.14.36414.22 d17.14
MinimumVisualStudioVersion = 10.0.40219.1
Project("{FAE04EC0-301F-11D3-BF4B-00C04F79EFBC}") = "EquipmentManagement.Api", "src\EquipmentManagement.Api\EquipmentManagement.Api.csproj", "{04678E27-2915-4935-A541-804E99080A2C}"
EndProject
Global
	GlobalSection(SolutionConfigurationPlatforms) = preSolution
		Debug|Any CPU = Debug|Any CPU
		Release|Any CPU = Release|Any CPU
	EndGlobalSection
	GlobalSection(ProjectConfigurationPlatforms) = postSolution
		{04678E27-2915-4935-A541-804E99080A2C}.Debug|Any CPU.ActiveCfg = Debug|Any CPU
		{04678E27-2915-4935-A541-804E99080A2C}.Debug|Any CPU.Build.0 = Debug|Any CPU
		{04678E27-2915-4935-A541-804E99080A2C}.Release|Any CPU.ActiveCfg = Release|Any CPU
		{04678E27-2915-4935-A541-804E99080A2C}.Release|Any CPU.Build.0 = Release|Any CPU
	EndGlobalSection
	GlobalSection(SolutionProperties) = preSolution
		HideSolutionNode = FALSE
	EndGlobalSection
	GlobalSection(ExtensibilityGlobals) = postSolution
		SolutionGuid = {C06A4B56-77A2-473E-80FA-3EC887881386}
	EndGlobalSection
EndGlobal
